
Microsoft Visual Studio Solution File, Format Version 12.00
# Visual Studio Version 17
VisualStudioVersion = 17.14.36705.20
MinimumVisualStudioVersion = 10.0.40219.1
Project("{FAE04EC0-301F-11D3-BF4B-00C04F79EFBC}") = "BACTBiometricClient", "BACTBiometricClient\BACTBiometricClient.csproj", "{FC7A5A82-E88B-4603-BDA7-6CFD68E4C70A}"
EndProject
Global
	GlobalSection(SolutionConfigurationPlatforms) = preSolution
		Debug|Any CPU = Debug|Any CPU
		Debug|x64 = Debug|x64
		Release|Any CPU = Release|Any CPU
		Release|x64 = Release|x64
	EndGlobalSection
	GlobalSection(ProjectConfigurationPlatforms) = postSolution
		{FC7A5A82-E88B-4603-BDA7-6CFD68E4C70A}.Debug|Any CPU.ActiveCfg = Debug|Any CPU
		{FC7A5A82-E88B-4603-BDA7-6CFD68E4C70A}.Debug|Any CPU.Build.0 = Debug|Any CPU
		{FC7A5A82-E88B-4603-BDA7-6CFD68E4C70A}.Debug|x64.ActiveCfg = Debug|x64
		{FC7A5A82-E88B-4603-BDA7-6CFD68E4C70A}.Debug|x64.Build.0 = Debug|x64
		{FC7A5A82-E88B-4603-BDA7-6CFD68E4C70A}.Release|Any CPU.ActiveCfg = Release|Any CPU
		{FC7A5A82-E88B-4603-BDA7-6CFD68E4C70A}.Release|Any CPU.Build.0 = Release|Any CPU
		{FC7A5A82-E88B-4603-BDA7-6CFD68E4C70A}.Release|x64.ActiveCfg = Release|x64
		{FC7A5A82-E88B-4603-BDA7-6CFD68E4C70A}.Release|x64.Build.0 = Release|x64
	EndGlobalSection
	GlobalSection(SolutionProperties) = preSolution
		HideSolutionNode = FALSE
	EndGlobalSection
	GlobalSection(ExtensibilityGlobals) = postSolution
		SolutionGuid = {E270CE43-04B6-430E-9B76-9EF20E2F03A5}
	EndGlobalSection
EndGlobal
